
Microsoft Visual Studio Solution File, Format Version 12.00
# Visual Studio Version 16
VisualStudioVersion = 16.0.31005.135
MinimumVisualStudioVersion = 10.0.40219.1
Project("{FAE04EC0-301F-11D3-BF4B-00C04F79EFBC}") = "Draught_Board", "Draught_Board\Draught_Board.csproj", "{791C972D-F0CF-4B00-B500-4A19D452EFA7}"
EndProject
Global
	GlobalSection(SolutionConfigurationPlatforms) = preSolution
		Debug|Any CPU = Debug|Any CPU
		Release|Any CPU = Release|Any CPU
	EndGlobalSection
	GlobalSection(ProjectConfigurationPlatforms) = postSolution
		{791C972D-F0CF-4B00-B500-4A19D452EFA7}.Debug|Any CPU.ActiveCfg = Debug|Any CPU
		{791C972D-F0CF-4B00-B500-4A19D452EFA7}.Debug|Any CPU.Build.0 = Debug|Any CPU
		{791C972D-F0CF-4B00-B500-4A19D452EFA7}.Release|Any CPU.ActiveCfg = Release|Any CPU
		{791C972D-F0CF-4B00-B500-4A19D452EFA7}.Release|Any CPU.Build.0 = Release|Any CPU
	EndGlobalSection
	GlobalSection(SolutionProperties) = preSolution
		HideSolutionNode = FALSE
	EndGlobalSection
	GlobalSection(ExtensibilityGlobals) = postSolution
		SolutionGuid = {15E777F4-A1FC-4F46-9AC2-9A8D1E6526FA}
	EndGlobalSection
EndGlobal
